{
  "lockfileVersion": 1,
  "configVersion": 1,
  "workspaces": {
    "": {
      "name": "sentry-cli-next",
      "devDependencies": {
        "@biomejs/biome": "2.3.8",
        "turbo": "^2.3.3",
        "typescript": "^5",
        "ultracite": "6.3.10",
      },
    },
    "packages/cli": {
      "name": "@betegon/sentry",
      "version": "0.5.0",
      "bin": {
        "sentry": "./bin/sentry",
      },
      "dependencies": {
        "@ast-grep/napi": "^0.31.0",
        "@stricli/auto-complete": "^1.2.4",
        "@stricli/core": "^1.2.4",
        "qrcode-terminal": "^0.12.0",
        "zod": "^3.24.0",
      },
      "devDependencies": {
        "@types/bun": "latest",
        "@types/node": "^20",
        "@types/qrcode-terminal": "^0.12.2",
        "typescript": "^5",
      },
    },
  },
  "packages": {
    "@ast-grep/napi": ["@ast-grep/napi@0.31.1", "", { "optionalDependencies": { "@ast-grep/napi-darwin-arm64": "0.31.1", "@ast-grep/napi-darwin-x64": "0.31.1", "@ast-grep/napi-linux-arm64-gnu": "0.31.1", "@ast-grep/napi-linux-arm64-musl": "0.31.1", "@ast-grep/napi-linux-x64-gnu": "0.31.1", "@ast-grep/napi-linux-x64-musl": "0.31.1", "@ast-grep/napi-win32-arm64-msvc": "0.31.1", "@ast-grep/napi-win32-ia32-msvc": "0.31.1", "@ast-grep/napi-win32-x64-msvc": "0.31.1" } }, "sha512-XOFCIeCYdXeRhp1OesRtes/sjPlTSe9Q7tKLLztM8sbDVYgla8k1eCTU3ia7xYIwdK3pjwc39akb8Z7qlOpzHg=="],

    "@ast-grep/napi-darwin-arm64": ["@ast-grep/napi-darwin-arm64@0.31.1", "", { "os": "darwin", "cpu": "arm64" }, "sha512-i2GOKyowGyGWwnwBmzZj8MFACTh5QzWrYTV7Si7V+4JjYLlrm94A/KgxBWX16mwXQr1qxziS6GjlQDqRSBxCtw=="],

    "@ast-grep/napi-darwin-x64": ["@ast-grep/napi-darwin-x64@0.31.1", "", { "os": "darwin", "cpu": "x64" }, "sha512-oUyxBoWT6o1hsJ1H0id9PkK2jgwDS1RSziZ+ORJxlV+VuvXbqPC2yrrqjWK60yBSK49GPNQjuQueGC3Js9Zqhg=="],

    "@ast-grep/napi-linux-arm64-gnu": ["@ast-grep/napi-linux-arm64-gnu@0.31.1", "", { "os": "linux", "cpu": "arm64" }, "sha512-UVGjseE/RLW2Qx21t8TSGArFgmud2YPqdpgneLuRiW4unM9FIM1PKyxnm9AKzkQbJJzpG7CSWBnMbVkmvWMB/A=="],

    "@ast-grep/napi-linux-arm64-musl": ["@ast-grep/napi-linux-arm64-musl@0.31.1", "", { "os": "linux", "cpu": "arm64" }, "sha512-K6LBPjbd1ugHYG4EPaepYgfg7M2UOpTC1fFGkViLuONDfpiH5A/i0HAkcDBkEbfzcOGv2WU7aqnHJ2rqKDLodg=="],

    "@ast-grep/napi-linux-x64-gnu": ["@ast-grep/napi-linux-x64-gnu@0.31.1", "", { "os": "linux", "cpu": "x64" }, "sha512-VeJ5XVFyETypqIxTcB0JaMt+dadOHzXnrU5qSrbUsrnhtIUoleazvxHEzaoXQ0wglCVgl0odLAwgcwkHRxJ/Pg=="],

    "@ast-grep/napi-linux-x64-musl": ["@ast-grep/napi-linux-x64-musl@0.31.1", "", { "os": "linux", "cpu": "x64" }, "sha512-6pGQDPiaMqSHXCahVoJCpThc8TEk7HaJBP/n+xay/OTwqrqe54nS6baRnEm9k5q9vh4V2ceaOVf3754tkg8TSg=="],

    "@ast-grep/napi-win32-arm64-msvc": ["@ast-grep/napi-win32-arm64-msvc@0.31.1", "", { "os": "win32", "cpu": "arm64" }, "sha512-JVIFHBDPoxVjG5c/XauJywypn1wkv0I+WqiwIzlMTNpqmEoJEnJGIom3gJZGqgrFmPpc6/PiATTw6DEjGJs4QA=="],

    "@ast-grep/napi-win32-ia32-msvc": ["@ast-grep/napi-win32-ia32-msvc@0.31.1", "", { "os": "win32", "cpu": "ia32" }, "sha512-PTyEPvJgNuvzj0kWyR9/0+AAL13LftvGijp5sZ0lgXIpig8MfF3czIU62Nf6AMpABhsu0h+u4KmD4DaMxdw0EA=="],

    "@ast-grep/napi-win32-x64-msvc": ["@ast-grep/napi-win32-x64-msvc@0.31.1", "", { "os": "win32", "cpu": "x64" }, "sha512-tEgj2Fp2Pi5qXXDLR3AWkZwQTj8yeSN3I7Pvw2DOfINu9imE2EY+Aq5kOhfvduGWVPmP8az68xUFC4b29+yrUw=="],

    "@betegon/sentry": ["@betegon/sentry@workspace:packages/cli"],

    "@biomejs/biome": ["@biomejs/biome@2.3.8", "", { "optionalDependencies": { "@biomejs/cli-darwin-arm64": "2.3.8", "@biomejs/cli-darwin-x64": "2.3.8", "@biomejs/cli-linux-arm64": "2.3.8", "@biomejs/cli-linux-arm64-musl": "2.3.8", "@biomejs/cli-linux-x64": "2.3.8", "@biomejs/cli-linux-x64-musl": "2.3.8", "@biomejs/cli-win32-arm64": "2.3.8", "@biomejs/cli-win32-x64": "2.3.8" }, "bin": { "biome": "bin/biome" } }, "sha512-Qjsgoe6FEBxWAUzwFGFrB+1+M8y/y5kwmg5CHac+GSVOdmOIqsAiXM5QMVGZJ1eCUCLlPZtq4aFAQ0eawEUuUA=="],

    "@biomejs/cli-darwin-arm64": ["@biomejs/cli-darwin-arm64@2.3.8", "", { "os": "darwin", "cpu": "arm64" }, "sha512-HM4Zg9CGQ3txTPflxD19n8MFPrmUAjaC7PQdLkugeeC0cQ+PiVrd7i09gaBS/11QKsTDBJhVg85CEIK9f50Qww=="],

    "@biomejs/cli-darwin-x64": ["@biomejs/cli-darwin-x64@2.3.8", "", { "os": "darwin", "cpu": "x64" }, "sha512-lUDQ03D7y/qEao7RgdjWVGCu+BLYadhKTm40HkpJIi6kn8LSv5PAwRlew/DmwP4YZ9ke9XXoTIQDO1vAnbRZlA=="],

    "@biomejs/cli-linux-arm64": ["@biomejs/cli-linux-arm64@2.3.8", "", { "os": "linux", "cpu": "arm64" }, "sha512-Uo1OJnIkJgSgF+USx970fsM/drtPcQ39I+JO+Fjsaa9ZdCN1oysQmy6oAGbyESlouz+rzEckLTF6DS7cWse95g=="],

    "@biomejs/cli-linux-arm64-musl": ["@biomejs/cli-linux-arm64-musl@2.3.8", "", { "os": "linux", "cpu": "arm64" }, "sha512-PShR4mM0sjksUMyxbyPNMxoKFPVF48fU8Qe8Sfx6w6F42verbwRLbz+QiKNiDPRJwUoMG1nPM50OBL3aOnTevA=="],

    "@biomejs/cli-linux-x64": ["@biomejs/cli-linux-x64@2.3.8", "", { "os": "linux", "cpu": "x64" }, "sha512-QDPMD5bQz6qOVb3kiBui0zKZXASLo0NIQ9JVJio5RveBEFgDgsvJFUvZIbMbUZT3T00M/1wdzwWXk4GIh0KaAw=="],

    "@biomejs/cli-linux-x64-musl": ["@biomejs/cli-linux-x64-musl@2.3.8", "", { "os": "linux", "cpu": "x64" }, "sha512-YGLkqU91r1276uwSjiUD/xaVikdxgV1QpsicT0bIA1TaieM6E5ibMZeSyjQ/izBn4tKQthUSsVZacmoJfa3pDA=="],

    "@biomejs/cli-win32-arm64": ["@biomejs/cli-win32-arm64@2.3.8", "", { "os": "win32", "cpu": "arm64" }, "sha512-H4IoCHvL1fXKDrTALeTKMiE7GGWFAraDwBYFquE/L/5r1927Te0mYIGseXi4F+lrrwhSWbSGt5qPFswNoBaCxg=="],

    "@biomejs/cli-win32-x64": ["@biomejs/cli-win32-x64@2.3.8", "", { "os": "win32", "cpu": "x64" }, "sha512-RguzimPoZWtBapfKhKjcWXBVI91tiSprqdBYu7tWhgN8pKRZhw24rFeNZTNf6UiBfjCYCi9eFQs/JzJZIhuK4w=="],

    "@clack/core": ["@clack/core@0.5.0", "", { "dependencies": { "picocolors": "^1.0.0", "sisteransi": "^1.0.5" } }, "sha512-p3y0FIOwaYRUPRcMO7+dlmLh8PSRcrjuTndsiA0WAFbWES0mLZlrjVoBRZ9DzkPFJZG6KGkJmoEAY0ZcVWTkow=="],

    "@clack/prompts": ["@clack/prompts@0.11.0", "", { "dependencies": { "@clack/core": "0.5.0", "picocolors": "^1.0.0", "sisteransi": "^1.0.5" } }, "sha512-pMN5FcrEw9hUkZA4f+zLlzivQSeQf5dRGJjSUbvVYDLvpKCdQx5OaknvKzgbtXOizhP+SJJJjqEbOe55uKKfAw=="],

    "@isaacs/balanced-match": ["@isaacs/balanced-match@4.0.1", "", {}, "sha512-yzMTt9lEb8Gv7zRioUilSglI0c0smZ9k5D65677DLWLtWJaXIS3CqcGyUFByYKlnUj6TkjLVs54fBl6+TiGQDQ=="],

    "@isaacs/brace-expansion": ["@isaacs/brace-expansion@5.0.0", "", { "dependencies": { "@isaacs/balanced-match": "^4.0.1" } }, "sha512-ZT55BDLV0yv0RBm2czMiZ+SqCGO7AvmOM3G/w2xhVPH+te0aKgFjmBvGlL1dH+ql2tgGO3MVrbb3jCKyvpgnxA=="],

    "@stricli/auto-complete": ["@stricli/auto-complete@1.2.5", "", { "dependencies": { "@stricli/core": "^1.2.5" }, "bin": { "auto-complete": "dist/bin/cli.js" } }, "sha512-C6G88Hh4lUWBwiqsxbcA4I1ricSQwiLaOziTWW3NmBoX7WGTW7i7RvyooXMpZk1YMLf2olv5Odxmg127ik1DKQ=="],

    "@stricli/core": ["@stricli/core@1.2.5", "", {}, "sha512-+afyztQW7fwWkqmU2WQZbdc3LjnZThWYdtE0l+hykZ1Rvy7YGxZSvsVCS/wZ/2BNv117pQ9TU1GZZRIcPnB4tw=="],

    "@trpc/server": ["@trpc/server@11.8.1", "", { "peerDependencies": { "typescript": ">=5.7.2" } }, "sha512-P4rzZRpEL7zDFgjxK65IdyH0e41FMFfTkQkuq0BA5tKcr7E6v9/v38DEklCpoDN6sPiB1Sigy/PUEzHENhswDA=="],

    "@types/bun": ["@types/bun@1.3.6", "", { "dependencies": { "bun-types": "1.3.6" } }, "sha512-uWCv6FO/8LcpREhenN1d1b6fcspAB+cefwD7uti8C8VffIv0Um08TKMn98FynpTiU38+y2dUO55T11NgDt8VAA=="],

    "@types/node": ["@types/node@20.19.29", "", { "dependencies": { "undici-types": "~6.21.0" } }, "sha512-YrT9ArrGaHForBaCNwFjoqJWmn8G1Pr7+BH/vwyLHciA9qT/wSiuOhxGCT50JA5xLvFBd6PIiGkE3afxcPE1nw=="],

    "@types/qrcode-terminal": ["@types/qrcode-terminal@0.12.2", "", {}, "sha512-v+RcIEJ+Uhd6ygSQ0u5YYY7ZM+la7GgPbs0V/7l/kFs2uO4S8BcIUEMoP7za4DNIqNnUD5npf0A/7kBhrCKG5Q=="],

    "bun-types": ["bun-types@1.3.6", "", { "dependencies": { "@types/node": "*" } }, "sha512-OlFwHcnNV99r//9v5IIOgQ9Uk37gZqrNMCcqEaExdkVq3Avwqok1bJFmvGMCkCE0FqzdY8VMOZpfpR3lwI+CsQ=="],

    "citty": ["citty@0.1.6", "", { "dependencies": { "consola": "^3.2.3" } }, "sha512-tskPPKEs8D2KPafUypv2gxwJP8h/OaJmC82QQGGDQcHvXX43xF2VDACcJVmZ0EuSxkpO9Kc4MlrA3q0+FG58AQ=="],

    "commander": ["commander@14.0.2", "", {}, "sha512-TywoWNNRbhoD0BXs1P3ZEScW8W5iKrnbithIl0YH+uCmBd0QpPOA8yc82DS3BIE5Ma6FnBVUsJ7wVUDz4dvOWQ=="],

    "confbox": ["confbox@0.2.2", "", {}, "sha512-1NB+BKqhtNipMsov4xI/NnhCKp9XG9NamYp5PVm9klAT0fsrNPjaFICsCFhNhwZJKNh7zB/3q8qXz0E9oaMNtQ=="],

    "consola": ["consola@3.4.2", "", {}, "sha512-5IKcdX0nnYavi6G7TtOhwkYzyjfJlatbjMjuLSfE2kYT5pMDOilZ4OvMhi637CcDICTmz3wARPoyhqyX1Y+XvA=="],

    "deepmerge": ["deepmerge@4.3.1", "", {}, "sha512-3sUqbMEc77XqpdNO7FRyRog+eW3ph+GYCbj+rK+uYyRMuwsVy0rMiVtPn+QJlKFvWP/1PYpapqYn0Me2knFn+A=="],

    "exsolve": ["exsolve@1.0.8", "", {}, "sha512-LmDxfWXwcTArk8fUEnOfSZpHOJ6zOMUJKOtFLFqJLoKJetuQG874Uc7/Kki7zFLzYybmZhp1M7+98pfMqeX8yA=="],

    "glob": ["glob@13.0.0", "", { "dependencies": { "minimatch": "^10.1.1", "minipass": "^7.1.2", "path-scurry": "^2.0.0" } }, "sha512-tvZgpqk6fz4BaNZ66ZsRaZnbHvP/jG3uKJvAZOwEVUL4RTA5nJeeLYfyN9/VA8NX/V3IBG+hkeuGpKjvELkVhA=="],

    "jsonc-parser": ["jsonc-parser@3.3.1", "", {}, "sha512-HUgH65KyejrUFPvHFPbqOY0rsFip3Bo5wb4ngvdi1EpCYWUQDC5V+Y7mZws+DLkr4M//zQJoanu1SP+87Dv1oQ=="],

    "lru-cache": ["lru-cache@11.2.4", "", {}, "sha512-B5Y16Jr9LB9dHVkh6ZevG+vAbOsNOYCX+sXvFWFu7B3Iz5mijW3zdbMyhsh8ANd2mSWBYdJgnqi+mL7/LrOPYg=="],

    "minimatch": ["minimatch@10.1.1", "", { "dependencies": { "@isaacs/brace-expansion": "^5.0.0" } }, "sha512-enIvLvRAFZYXJzkCYG5RKmPfrFArdLv+R+lbQ53BmIMLIry74bjKzX6iHAm8WYamJkhSSEabrWN5D97XnKObjQ=="],

    "minipass": ["minipass@7.1.2", "", {}, "sha512-qOOzS1cBTWYF4BH8fVePDBOO9iptMnGUEZwNc/cMWnTV2nVLZ7VoNWEPHkYczZA0pdoA7dl6e7FL659nX9S2aw=="],

    "nypm": ["nypm@0.6.2", "", { "dependencies": { "citty": "^0.1.6", "consola": "^3.4.2", "pathe": "^2.0.3", "pkg-types": "^2.3.0", "tinyexec": "^1.0.1" }, "bin": { "nypm": "dist/cli.mjs" } }, "sha512-7eM+hpOtrKrBDCh7Ypu2lJ9Z7PNZBdi/8AT3AX8xoCj43BBVHD0hPSTEvMtkMpfs8FCqBGhxB+uToIQimA111g=="],

    "path-scurry": ["path-scurry@2.0.1", "", { "dependencies": { "lru-cache": "^11.0.0", "minipass": "^7.1.2" } }, "sha512-oWyT4gICAu+kaA7QWk/jvCHWarMKNs6pXOGWKDTr7cw4IGcUbW+PeTfbaQiLGheFRpjo6O9J0PmyMfQPjH71oA=="],

    "pathe": ["pathe@2.0.3", "", {}, "sha512-WUjGcAqP1gQacoQe+OBJsFA7Ld4DyXuUIjZ5cc75cLHvJ7dtNsTugphxIADwspS+AraAUePCKrSVtPLFj/F88w=="],

    "picocolors": ["picocolors@1.1.1", "", {}, "sha512-xceH2snhtb5M9liqDsmEw56le376mTZkEX/jEb/RxNFyegNul7eNslCXP9FDj/Lcu0X8KEyMceP2ntpaHrDEVA=="],

    "pkg-types": ["pkg-types@2.3.0", "", { "dependencies": { "confbox": "^0.2.2", "exsolve": "^1.0.7", "pathe": "^2.0.3" } }, "sha512-SIqCzDRg0s9npO5XQ3tNZioRY1uK06lA41ynBC1YmFTmnY6FjUjVt6s4LoADmwoig1qqD0oK8h1p/8mlMx8Oig=="],

    "qrcode-terminal": ["qrcode-terminal@0.12.0", "", { "bin": { "qrcode-terminal": "./bin/qrcode-terminal.js" } }, "sha512-EXtzRZmC+YGmGlDFbXKxQiMZNwCLEO6BANKXG4iCtSIM0yqc/pappSx3RIKr4r0uh5JsBckOXeKrB3Iz7mdQpQ=="],

    "sisteransi": ["sisteransi@1.0.5", "", {}, "sha512-bLGGlR1QxBcynn2d5YmDX4MGjlZvy2MRBDRNHLJ8VI6l6+9FUiyTFNJ0IveOSP0bcXgVDPRcfGqA0pjaqUpfVg=="],

    "tinyexec": ["tinyexec@1.0.2", "", {}, "sha512-W/KYk+NFhkmsYpuHq5JykngiOCnxeVL8v8dFnqxSD8qEEdRfXk1SDM6JzNqcERbcGYj9tMrDQBYV9cjgnunFIg=="],

    "trpc-cli": ["trpc-cli@0.12.2", "", { "dependencies": { "commander": "^14.0.0" }, "peerDependencies": { "@orpc/server": "^1.0.0", "@trpc/server": "^10.45.2 || ^11.0.1", "@valibot/to-json-schema": "^1.1.0", "effect": "^3.14.2 || ^4.0.0", "valibot": "^1.1.0", "zod": "^3.24.0 || ^4.0.0" }, "optionalPeers": ["@orpc/server", "@trpc/server", "@valibot/to-json-schema", "effect", "valibot", "zod"], "bin": { "trpc-cli": "dist/bin.js" } }, "sha512-kGNCiyOimGlfcZFImbWzFF2Nn3TMnenwUdyuckiN5SEaceJbIac7+Iau3WsVHjQpoNgugFruZMDOKf8GNQNtJw=="],

    "turbo": ["turbo@2.7.4", "", { "optionalDependencies": { "turbo-darwin-64": "2.7.4", "turbo-darwin-arm64": "2.7.4", "turbo-linux-64": "2.7.4", "turbo-linux-arm64": "2.7.4", "turbo-windows-64": "2.7.4", "turbo-windows-arm64": "2.7.4" }, "bin": { "turbo": "bin/turbo" } }, "sha512-bkO4AddmDishzJB2ze7aYYPaejMoJVfS0XnaR6RCdXFOY8JGJfQE+l9fKiV7uDPa5Ut44gmOWJL3894CIMeH9g=="],

    "turbo-darwin-64": ["turbo-darwin-64@2.7.4", "", { "os": "darwin", "cpu": "x64" }, "sha512-xDR30ltfkSsRfGzABBckvl1nz1cZ3ssTujvdj+TPwOweeDRvZ0e06t5DS0rmRBvyKpgGs42K/EK6Mn2qLlFY9A=="],

    "turbo-darwin-arm64": ["turbo-darwin-arm64@2.7.4", "", { "os": "darwin", "cpu": "arm64" }, "sha512-P7sjqXtOL/+nYWPvcDGWhi8wf8M8mZHHB8XEzw2VX7VJrS8IGHyJHGD1AYfDvhAEcr7pnk3gGifz3/xyhI655w=="],

    "turbo-linux-64": ["turbo-linux-64@2.7.4", "", { "os": "linux", "cpu": "x64" }, "sha512-GofFOxRO/IhG8BcPyMSSB3Y2+oKQotsaYbHxL9yD6JPb20/o35eo+zUSyazOtilAwDHnak5dorAJFoFU8MIg2A=="],

    "turbo-linux-arm64": ["turbo-linux-arm64@2.7.4", "", { "os": "linux", "cpu": "arm64" }, "sha512-+RQKgNjksVPxYAyAgmDV7w/1qj++qca+nSNTAOKGOfJiDtSvRKoci89oftJ6anGs00uamLKVEQ712TI/tfNAIw=="],

    "turbo-windows-64": ["turbo-windows-64@2.7.4", "", { "os": "win32", "cpu": "x64" }, "sha512-rfak1+g+ON3czs1mDYsCS4X74ZmK6gOgRQTXjDICtzvR4o61paqtgAYtNPofcVsMWeF4wvCajSeoAkkeAnQ1kg=="],

    "turbo-windows-arm64": ["turbo-windows-arm64@2.7.4", "", { "os": "win32", "cpu": "arm64" }, "sha512-1ZgBNjNRbDu/fPeqXuX9i26x3CJ/Y1gcwUpQ+Vp7kN9Un6RZ9kzs164f/knrjcu5E+szCRexVjRSJay1k5jApA=="],

    "typescript": ["typescript@5.9.3", "", { "bin": { "tsc": "bin/tsc", "tsserver": "bin/tsserver" } }, "sha512-jl1vZzPDinLr9eUt3J/t7V6FgNEw9QjvBPdysz9KfQDD41fQrC2Y4vKQdiaUpFT4bXlb1RHhLpp8wtm6M5TgSw=="],

    "ultracite": ["ultracite@6.3.10", "", { "dependencies": { "@clack/prompts": "^0.11.0", "@trpc/server": "^11.7.2", "deepmerge": "^4.3.1", "glob": "^13.0.0", "jsonc-parser": "^3.3.1", "nypm": "^0.6.2", "trpc-cli": "^0.12.1", "zod": "^4.1.13" }, "bin": { "ultracite": "dist/index.js" } }, "sha512-I41KoWl09PklvXTdN4JWgs+6Z6n5PERDJGj1hOQXYEMbmKXZLrulG2QAZNEMJ9pdGwtcGk/MevpllWYXM5Wq3A=="],

    "undici-types": ["undici-types@6.21.0", "", {}, "sha512-iwDZqg0QAGrg9Rav5H4n0M64c3mkR59cJ6wQp+7C4nI0gsmExaedaYLNO44eT4AtBBwjbTiGPMlt2Md0T9H9JQ=="],

    "zod": ["zod@3.25.76", "", {}, "sha512-gzUt/qt81nXsFGKIFcC3YnfEAx5NkunCfnDlvuBSSFS02bcXu4Lmea0AFIUwbLWxWPx3d9p8S5QoaujKcNQxcQ=="],

    "ultracite/zod": ["zod@4.3.5", "", {}, "sha512-k7Nwx6vuWx1IJ9Bjuf4Zt1PEllcwe7cls3VNzm4CQ1/hgtFUK2bRNG3rvnpPUhFjmqJKAKtjV576KnUkHocg/g=="],
  }
}
